
Microsoft Visual Studio Solution File, Format Version 12.00
# Visual Studio Version 17
VisualStudioVersion = 17.3.32922.545
MinimumVisualStudioVersion = 10.0.40219.1
Project("{FAE04EC0-301F-11D3-BF4B-00C04F79EFBC}") = "HW4_030223", "HW4_030223\HW4_030223.csproj", "{D3B56AA8-E934-4569-9604-E2DE7726C201}"
EndProject
Global
	GlobalSection(SolutionConfigurationPlatforms) = preSolution
		Debug|Any CPU = Debug|Any CPU
		Release|Any CPU = Release|Any CPU
	EndGlobalSection
	GlobalSection(ProjectConfigurationPlatforms) = postSolution
		{D3B56AA8-E934-4569-9604-E2DE7726C201}.Debug|Any CPU.ActiveCfg = Debug|Any CPU
		{D3B56AA8-E934-4569-9604-E2DE7726C201}.Debug|Any CPU.Build.0 = Debug|Any CPU
		{D3B56AA8-E934-4569-9604-E2DE7726C201}.Release|Any CPU.ActiveCfg = Release|Any CPU
		{D3B56AA8-E934-4569-9604-E2DE7726C201}.Release|Any CPU.Build.0 = Release|Any CPU
	EndGlobalSection
	GlobalSection(SolutionProperties) = preSolution
		HideSolutionNode = FALSE
	EndGlobalSection
	GlobalSection(ExtensibilityGlobals) = postSolution
		SolutionGuid = {19D81225-3102-4517-ACD7-036F91B93789}
	EndGlobalSection
EndGlobal
